
Microsoft Visual Studio Solution File, Format Version 12.00
# Visual Studio Version 17
VisualStudioVersion = 17.5.33516.290
MinimumVisualStudioVersion = 10.0.40219.1
Project("{FAE04EC0-301F-11D3-BF4B-00C04F79EFBC}") = "ZipService", "ZipService\ZipService.csproj", "{0A78EE87-9250-43E7-B000-F729253C531C}"
EndProject
Project("{FAE04EC0-301F-11D3-BF4B-00C04F79EFBC}") = "ZipService.BLL", "ZipService.BLL\ZipService.BLL.csproj", "{0B7738BA-FA3B-4731-AF9D-B2E87379DDA6}"
EndProject
Global
	GlobalSection(SolutionConfigurationPlatforms) = preSolution
		Debug|Any CPU = Debug|Any CPU
		Release|Any CPU = Release|Any CPU
	EndGlobalSection
	GlobalSection(ProjectConfigurationPlatforms) = postSolution
		{0A78EE87-9250-43E7-B000-F729253C531C}.Debug|Any CPU.ActiveCfg = Debug|Any CPU
		{0A78EE87-9250-43E7-B000-F729253C531C}.Debug|Any CPU.Build.0 = Debug|Any CPU
		{0A78EE87-9250-43E7-B000-F729253C531C}.Release|Any CPU.ActiveCfg = Release|Any CPU
		{0A78EE87-9250-43E7-B000-F729253C531C}.Release|Any CPU.Build.0 = Release|Any CPU
		{0B7738BA-FA3B-4731-AF9D-B2E87379DDA6}.Debug|Any CPU.ActiveCfg = Debug|Any CPU
		{0B7738BA-FA3B-4731-AF9D-B2E87379DDA6}.Debug|Any CPU.Build.0 = Debug|Any CPU
		{0B7738BA-FA3B-4731-AF9D-B2E87379DDA6}.Release|Any CPU.ActiveCfg = Release|Any CPU
		{0B7738BA-FA3B-4731-AF9D-B2E87379DDA6}.Release|Any CPU.Build.0 = Release|Any CPU
	EndGlobalSection
	GlobalSection(SolutionProperties) = preSolution
		HideSolutionNode = FALSE
	EndGlobalSection
	GlobalSection(ExtensibilityGlobals) = postSolution
		SolutionGuid = {381BB781-234D-41FB-8619-73045F0BB4E4}
	EndGlobalSection
EndGlobal
